# generated by rye
# use `rye lock` or `rye sync` to update this lockfile
#
# last locked with the following flags:
#   pre: false
#   features: []
#   all-features: false
#   with-sources: false
#   generate-hashes: false

-e file:.
beautifulsoup4==4.12.3
    # via pymanhuagui
certifi==2024.6.2
    # via requests
charset-normalizer==3.3.2
    # via requests
future==1.0.0
    # via lzstring
idna==3.7
    # via requests
lxml==5.2.2
    # via pymanhuagui
lzstring==1.0.4
    # via pymanhuagui
requests==2.32.3
    # via pymanhuagui
soupsieve==2.5
    # via beautifulsoup4
urllib3==2.2.1
    # via requests
